
Microsoft Visual Studio Solution File, Format Version 12.00
Project("{FAE04EC0-301F-11D3-BF4B-00C04F79EFBC}") = "GASLanguageProcessor", "GASLanguageProcessor\GASLanguageProcessor.csproj", "{C139F673-B557-4510-92FB-D7C6CDCBAF8E}"
EndProject
Global
	GlobalSection(SolutionConfigurationPlatforms) = preSolution
		Debug|Any CPU = Debug|Any CPU
		Release|Any CPU = Release|Any CPU
	EndGlobalSection
	GlobalSection(ProjectConfigurationPlatforms) = postSolution
		{C139F673-B557-4510-92FB-D7C6CDCBAF8E}.Debug|Any CPU.ActiveCfg = Debug|Any CPU
		{C139F673-B557-4510-92FB-D7C6CDCBAF8E}.Debug|Any CPU.Build.0 = Debug|Any CPU
		{C139F673-B557-4510-92FB-D7C6CDCBAF8E}.Release|Any CPU.ActiveCfg = Release|Any CPU
		{C139F673-B557-4510-92FB-D7C6CDCBAF8E}.Release|Any CPU.Build.0 = Release|Any CPU
	EndGlobalSection
EndGlobal
